<?xml version="1.0" encoding="utf-8"?>
<Project ToolsVersion="4.0" xmlns="http://schemas.microsoft.com/developer/msbuild/2003">
  <ItemGroup>
    <Filter Include="源文件">
      <UniqueIdentifier>{4FC737F1-C7A5-4376-A066-2A32D752A2FF}</UniqueIdentifier>
      <Extensions>cpp;c;cc;cxx;def;odl;idl;hpj;bat;asm;asmx</Extensions>
    </Filter>
    <Filter Include="头文件">
      <UniqueIdentifier>{93995380-89BD-4b04-88EB-625FBE52EBFB}</UniqueIdentifier>
      <Extensions>h;hh;hpp;hxx;hm;inl;inc;xsd</Extensions>
    </Filter>
    <Filter Include="资源文件">
      <UniqueIdentifier>{67DA6AB6-F800-4c08-8B7A-83BB121AAD01}</UniqueIdentifier>
      <Extensions>rc;ico;cur;bmp;dlg;rc2;rct;bin;rgs;gif;jpg;jpeg;jpe;resx;tiff;tif;png;wav;mfcribbon-ms</Extensions>
    </Filter>
  </ItemGroup>
  <ItemGroup>
    <Text Include="ReadMe.txt" />
  </ItemGroup>
  <ItemGroup>
    <ClInclude Include="quan_MFC.h">
      <Filter>头文件</Filter>
    </ClInclude>
    <ClInclude Include="quan_MFCDlg.h">
      <Filter>头文件</Filter>
    </ClInclude>
    <ClInclude Include="stdafx.h">
      <Filter>头文件</Filter>
    </ClInclude>
    <ClInclude Include="targetver.h">
      <Filter>头文件</Filter>
    </ClInclude>
    <ClInclude Include="Resource.h">
      <Filter>头文件</Filter>
    </ClInclude>
  </ItemGroup>
  <ItemGroup>
    <ClCompile Include="quan_MFC.cpp">
      <Filter>源文件</Filter>
    </ClCompile>
    <ClCompile Include="quan_MFCDlg.cpp">
      <Filter>源文件</Filter>
    </ClCompile>
    <ClCompile Include="stdafx.cpp">
      <Filter>源文件</Filter>
    </ClCompile>
  </ItemGroup>
  <ItemGroup>
    <ResourceCompile Include="quan_MFC.rc">
      <Filter>资源文件</Filter>
    </ResourceCompile>
  </ItemGroup>
  <ItemGroup>
    <None Include="res\quan_MFC.rc2">
      <Filter>资源文件</Filter>
    </None>
  </ItemGroup>
  <ItemGroup>
    <Image Include="res\quan_MFC.ico">
      <Filter>资源文件</Filter>
    </Image>
    <Image Include="C:\Users\Administrator\Desktop\NSproject-master\res\MainView\报表信息经过状态.bmp">
      <Filter>资源文件</Filter>
    </Image>
    <Image Include="C:\Users\Administrator\Desktop\NSproject-master\res\MainView\报表信息选中状态.bmp">
      <Filter>资源文件</Filter>
    </Image>
    <Image Include="C:\Users\Administrator\Desktop\NSproject-master\res\MainView\报表信息正常状态.bmp">
      <Filter>资源文件</Filter>
    </Image>
    <Image Include="C:\Users\Administrator\Desktop\NSproject-master\res\MainView\背景.bmp">
      <Filter>资源文件</Filter>
    </Image>
    <Image Include="C:\Users\Administrator\Desktop\NSproject-master\res\MainView\登录.bmp">
      <Filter>资源文件</Filter>
    </Image>
    <Image Include="C:\Users\Administrator\Desktop\NSproject-master\res\MainView\定位.bmp">
      <Filter>资源文件</Filter>
    </Image>
    <Image Include="C:\Users\Administrator\Desktop\NSproject-master\res\MainView\关于产品经过状态.bmp">
      <Filter>资源文件</Filter>
    </Image>
    <Image Include="C:\Users\Administrator\Desktop\NSproject-master\res\MainView\关于产品选中状态.bmp">
      <Filter>资源文件</Filter>
    </Image>
    <Image Include="C:\Users\Administrator\Desktop\NSproject-master\res\MainView\关于产品正常状态.bmp">
      <Filter>资源文件</Filter>
    </Image>
    <Image Include="C:\Users\Administrator\Desktop\NSproject-master\res\MainView\评估系统经过状态.bmp">
      <Filter>资源文件</Filter>
    </Image>
    <Image Include="C:\Users\Administrator\Desktop\NSproject-master\res\MainView\评估系统选中状态.bmp">
      <Filter>资源文件</Filter>
    </Image>
    <Image Include="C:\Users\Administrator\Desktop\NSproject-master\res\MainView\评估系统正常状态.bmp">
      <Filter>资源文件</Filter>
    </Image>
    <Image Include="C:\Users\Administrator\Desktop\NSproject-master\res\MainView\设备未连接.bmp">
      <Filter>资源文件</Filter>
    </Image>
    <Image Include="C:\Users\Administrator\Desktop\NSproject-master\res\MainView\设备已连接.bmp">
      <Filter>资源文件</Filter>
    </Image>
    <Image Include="C:\Users\Administrator\Desktop\NSproject-master\res\MainView\退出程序经过状态.bmp">
      <Filter>资源文件</Filter>
    </Image>
    <Image Include="C:\Users\Administrator\Desktop\NSproject-master\res\MainView\退出程序选中状态.bmp">
      <Filter>资源文件</Filter>
    </Image>
    <Image Include="C:\Users\Administrator\Desktop\NSproject-master\res\MainView\退出程序正常状态.bmp">
      <Filter>资源文件</Filter>
    </Image>
    <Image Include="C:\Users\Administrator\Desktop\NSproject-master\res\MainView\未登录.bmp">
      <Filter>资源文件</Filter>
    </Image>
    <Image Include="C:\Users\Administrator\Desktop\NSproject-master\res\MainView\宣传图.bmp">
      <Filter>资源文件</Filter>
    </Image>
    <Image Include="C:\Users\Administrator\Desktop\NSproject-master\res\MainView\训练设置经过状态.bmp">
      <Filter>资源文件</Filter>
    </Image>
    <Image Include="C:\Users\Administrator\Desktop\NSproject-master\res\MainView\训练设置选中状态.bmp">
      <Filter>资源文件</Filter>
    </Image>
    <Image Include="C:\Users\Administrator\Desktop\NSproject-master\res\MainView\训练设置正常状态.bmp">
      <Filter>资源文件</Filter>
    </Image>
    <Image Include="C:\Users\Administrator\Desktop\NSproject-master\res\MainView\用户信息经过状态.bmp">
      <Filter>资源文件</Filter>
    </Image>
    <Image Include="C:\Users\Administrator\Desktop\NSproject-master\res\MainView\用户信息选中状态.bmp">
      <Filter>资源文件</Filter>
    </Image>
    <Image Include="C:\Users\Administrator\Desktop\NSproject-master\res\MainView\用户信息正常状态.bmp">
      <Filter>资源文件</Filter>
    </Image>
    <Image Include="C:\Users\Administrator\Desktop\NSproject-master\res\MainView\游戏训练经过状态.bmp">
      <Filter>资源文件</Filter>
    </Image>
    <Image Include="C:\Users\Administrator\Desktop\NSproject-master\res\MainView\游戏训练选中状态.bmp">
      <Filter>资源文件</Filter>
    </Image>
    <Image Include="C:\Users\Administrator\Desktop\NSproject-master\res\MainView\游戏训练正常状态.bmp">
      <Filter>资源文件</Filter>
    </Image>
    <Image Include="C:\Users\Administrator\Desktop\NSproject-master\res\MainView\左手.bmp">
      <Filter>资源文件</Filter>
    </Image>
    <Image Include="C:\Users\Administrator\Desktop\NSproject-master\res\MainView\微信图片_20180814223921.png">
      <Filter>资源文件</Filter>
    </Image>
  </ItemGroup>
</Project>